{
  "nodes": {
    "fenix": {
      "inputs": {
        "nixpkgs": [
          "nixpkgs"
        ],
        "rust-analyzer-src": "rust-analyzer-src"
      },
      "locked": {
        "lastModified": 1784622960,
        "narHash": "sha256-j/1L7vq6oNZVz/snuOxneFHUzde12ArP8wCMpLRkujw=",
        "owner": "nix-community",
        "repo": "fenix",
        "rev": "c9b21541e30ed4453dfa026820b57eefe17d7f25",
        "type": "github"
      },
      "original": {
        "owner": "nix-community",
        "repo": "fenix",
        "type": "github"
      }
    },
    "microvm": {
      "inputs": {
        "nixpkgs": [
          "nixpkgs"
        ],
        "spectrum": "spectrum"
      },
      "locked": {
        "lastModified": 1784395873,
        "narHash": "sha256-2aNPMX+33DdK/tVXMabpVNRzFJ5m2IgYaaw8LL0Tb9Q=",
        "owner": "microvm-nix",
        "repo": "microvm.nix",
        "rev": "0784796ba5c4ba17c58fce3c2c0cbccc60d22e84",
        "type": "github"
      },
      "original": {
        "owner": "microvm-nix",
        "repo": "microvm.nix",
        "type": "github"
      }
    },
    "nixpkgs": {
      "locked": {
        "lastModified": 1784497964,
        "narHash": "sha256-vlHUuqAcbcH2RKmHbPiuQzbv1pnzzavXnI62RD0bqCU=",
        "owner": "nixos",
        "repo": "nixpkgs",
        "rev": "241313f4e8e508cb9b13278c2b0fa25b9ca27163",
        "type": "github"
      },
      "original": {
        "owner": "nixos",
        "ref": "nixos-unstable",
        "repo": "nixpkgs",
        "type": "github"
      }
    },
    "root": {
      "inputs": {
        "fenix": "fenix",
        "microvm": "microvm",
        "nixpkgs": "nixpkgs"
      }
    },
    "rust-analyzer-src": {
      "flake": false,
      "locked": {
        "lastModified": 1784568416,
        "narHash": "sha256-edHcabLC6XRa5wG1UgUwcdIk8669SUD06JZYtplDdgE=",
        "owner": "rust-lang",
        "repo": "rust-analyzer",
        "rev": "0069617d8971879f47679f559fd6a103f029ce9e",
        "type": "github"
      },
      "original": {
        "owner": "rust-lang",
        "ref": "nightly",
        "repo": "rust-analyzer",
        "type": "github"
      }
    },
    "spectrum": {
      "flake": false,
      "locked": {
        "lastModified": 1783694892,
        "narHash": "sha256-xO8f7Qng+18FK2UlB9vcrkxCaQMCt5WjCH24aW/11eg=",
        "ref": "refs/heads/main",
        "rev": "24c4346e30fdea8d8e80f34aec3554a15a667d24",
        "revCount": 1410,
        "type": "git",
        "url": "https://spectrum-os.org/git/spectrum"
      },
      "original": {
        "type": "git",
        "url": "https://spectrum-os.org/git/spectrum"
      }
    }
  },
  "root": "root",
  "version": 7
}
